schema: '2.0'
stages:
  get_data:
    cmd: pipenv run python get_data.py
    deps:
    - path: get_data.py
      md5: ff6e3dad7dc4f0834729a188688ec554
      size: 499
    outs:
    - path: data_raw.csv
      md5: a6aec8da63a5fa2619af025a76746f29
      size: 68868
  process:
    cmd: pipenv run python process_data.py
    deps:
    - path: data_raw.csv
      md5: a6aec8da63a5fa2619af025a76746f29
      size: 68868
    - path: process_data.py
      md5: 63e13983f49ff8dc9a73de65fb6fe352
      size: 918
    outs:
    - path: data_processed.csv
      md5: 03269b6c0a766dc80e090326008765b3
      size: 24227
  train:
    cmd: pipenv run python train.py
    deps:
    - path: data_processed.csv
      md5: 03269b6c0a766dc80e090326008765b3
      size: 24227
    - path: train.py
      md5: 407e42713baf7cb5b0e1bbbe5ae94bac
      size: 1613
    outs:
    - path: by_region.png
      md5: 929457b52f51af133c6e483d995a2aae
      size: 7828
    - path: metrics.json
      md5: 5de017499475f6e772aba45d46e11b71
      size: 133
